// !$*UTF8*$!
{
	archiveVersion = 1;
	classes = {
	};
	objectVersion = 77;
	objects = {

/* Begin PBXContainerItemProxy section */
		BB86E5092D4CD80D00C9AC7A /* PBXContainerItemProxy */ = {
			isa = PBXContainerItemProxy;
			containerPortal = BB86E4F02D4CD80B00C9AC7A /* Project object */;
			proxyType = 1;
			remoteGlobalIDString = BB86E4F72D4CD80B00C9AC7A;
			remoteInfo = NavigationPractice;
		};
		BB86E5132D4CD80D00C9AC7A /* PBXContainerItemProxy */ = {
			isa = PBXContainerItemProxy;
			containerPortal = BB86E4F02D4CD80B00C9AC7A /* Project object */;
			proxyType = 1;
			remoteGlobalIDString = BB86E4F72D4CD80B00C9AC7A;
			remoteInfo = NavigationPractice;
		};
/* End PBXContainerItemProxy section */

/* Begin PBXFileReference section */
		BB86E4F82D4CD80B00C9AC7A /* NavigationPractice.app */ = {isa = PBXFileReference; explicitFileType = wrapper.application; includeInIndex = 0; path = NavigationPractice.app; sourceTree = BUILT_PRODUCTS_DIR; };
		BB86E5082D4CD80D00C9AC7A /* NavigationPracticeTests.xctest */ = {isa = PBXFileReference; explicitFileType = wrapper.cfbundle; includeInIndex = 0; path = NavigationPracticeTests.xctest; sourceTree = BUILT_PRODUCTS_DIR; };
		BB86E5122D4CD80D00C9AC7A /* NavigationPracticeUITests.xctest */ = {isa = PBXFileReference; explicitFileType = wrapper.cfbundle; includeInIndex = 0; path = NavigationPracticeUITests.xctest; sourceTree = BUILT_PRODUCTS_DIR; };
/* End PBXFileReference section */

/* Begin PBXFileSystemSynchronizedRootGroup section */
		BB86E4FA2D4CD80B00C9AC7A /* NavigationPractice */ = {
			isa = PBXFileSystemSynchronizedRootGroup;
			path = NavigationPractice;
			sourceTree = "<group>";
		};
		BB86E50B2D4CD80D00C9AC7A /* NavigationPracticeTests */ = {
			isa = PBXFileSystemSynchronizedRootGroup;
			path = NavigationPracticeTests;
			sourceTree = "<group>";
		};
		BB86E5152D4CD80D00C9AC7A /* NavigationPracticeUITests */ = {
			isa = PBXFileSystemSynchronizedRootGroup;
			path = NavigationPracticeUITests;
			sourceTree = "<group>";
		};
/* End PBXFileSystemSynchronizedRootGroup section */

/* Begin PBXFrameworksBuildPhase section */
		BB86E4F52D4CD80B00C9AC7A /* Frameworks */ = {
			isa = PBXFrameworksBuildPhase;
			buildActionMask = 2147483647;
			files = (
			);
			runOnlyForDeploymentPostprocessing = 0;
		};
		BB86E5052D4CD80D00C9AC7A /* Frameworks */ = {
			isa = PBXFrameworksBuildPhase;
			buildActionMask = 2147483647;
			files = (
			);
			runOnlyForDeploymentPostprocessing = 0;
		};
		BB86E50F2D4CD80D00C9AC7A /* Frameworks */ = {
			isa = PBXFrameworksBuildPhase;
			buildActionMask = 2147483647;
			files = (
			);
			runOnlyForDeploymentPostprocessing = 0;
		};
/* End PBXFrameworksBuildPhase section */

/* Begin PBXGroup section */
		BB86E4EF2D4CD80B00C9AC7A = {
			isa = PBXGroup;
			children = (
				BB86E4FA2D4CD80B00C9AC7A /* NavigationPractice */,
				BB86E50B2D4CD80D00C9AC7A /* NavigationPracticeTests */,
				BB86E5152D4CD80D00C9AC7A /* NavigationPracticeUITests */,
				BB86E4F92D4CD80B00C9AC7A /* Products */,
			);
			sourceTree = "<group>";
		};
		BB86E4F92D4CD80B00C9AC7A /* Products */ = {
			isa = PBXGroup;
			children = (
				BB86E4F82D4CD80B00C9AC7A /* NavigationPractice.app */,
				BB86E5082D4CD80D00C9AC7A /* NavigationPracticeTests.xctest */,
				BB86E5122D4CD80D00C9AC7A /* NavigationPracticeUITests.xctest */,
			);
			name = Products;
			sourceTree = "<group>";
		};
/* End PBXGroup section */

/* Begin PBXNativeTarget section */
		BB86E4F72D4CD80B00C9AC7A /* NavigationPractice */ = {
			isa = PBXNativeTarget;
			buildConfigurationList = BB86E51C2D4CD80D00C9AC7A /* Build configuration list for PBXNativeTarget "NavigationPractice" */;
			buildPhases = (
				BB86E4F42D4CD80B00C9AC7A /* Sources */,
				BB86E4F52D4CD80B00C9AC7A /* Frameworks */,
				BB86E4F62D4CD80B00C9AC7A /* Resources */,
			);
			buildRules = (
			);
			dependencies = (
			);
			fileSystemSynchronizedGroups = (
				BB86E4FA2D4CD80B00C9AC7A /* NavigationPractice */,
			);
			name = NavigationPractice;
			packageProductDependencies = (
			);
			productName = NavigationPractice;
			productReference = BB86E4F82D4CD80B00C9AC7A /* NavigationPractice.app */;
			productType = "com.apple.product-type.application";
		};
		BB86E5072D4CD80D00C9AC7A /* NavigationPracticeTests */ = {
			isa = PBXNativeTarget;
			buildConfigurationList = BB86E51F2D4CD80D00C9AC7A /* Build configuration list for PBXNativeTarget "NavigationPracticeTests" */;
			buildPhases = (
				BB86E5042D4CD80D00C9AC7A /* Sources */,
				BB86E5052D4CD80D00C9AC7A /* Frameworks */,
				BB86E5062D4CD80D00C9AC7A /* Resources */,
			);
			buildRules = (
			);
			dependencies = (
				BB86E50A2D4CD80D00C9AC7A /* PBXTargetDependency */,
			);
			fileSystemSynchronizedGroups = (
				BB86E50B2D4CD80D00C9AC7A /* NavigationPracticeTests */,
			);
			name = NavigationPracticeTests;
			packageProductDependencies = (
			);
			productName = NavigationPracticeTests;
			productReference = BB86E5082D4CD80D00C9AC7A /* NavigationPracticeTests.xctest */;
			productType = "com.apple.product-type.bundle.unit-test";
		};
		BB86E5112D4CD80D00C9AC7A /* NavigationPracticeUITests */ = {
			isa = PBXNativeTarget;
			buildConfigurationList = BB86E5222D4CD80D00C9AC7A /* Build configuration list for PBXNativeTarget "NavigationPracticeUITests" */;
			buildPhases = (
				BB86E50E2D4CD80D00C9AC7A /* Sources */,
				BB86E50F2D4CD80D00C9AC7A /* Frameworks */,
				BB86E5102D4CD80D00C9AC7A /* Resources */,
			);
			buildRules = (
			);
			dependencies = (
				BB86E5142D4CD80D00C9AC7A /* PBXTargetDependency */,
			);
			fileSystemSynchronizedGroups = (
				BB86E5152D4CD80D00C9AC7A /* NavigationPracticeUITests */,
			);
			name = NavigationPracticeUITests;
			packageProductDependencies = (
			);
			productName = NavigationPracticeUITests;
			productReference = BB86E5122D4CD80D00C9AC7A /* NavigationPracticeUITests.xctest */;
			productType = "com.apple.product-type.bundle.ui-testing";
		};
/* End PBXNativeTarget section */

/* Begin PBXProject section */
		BB86E4F02D4CD80B00C9AC7A /* Project object */ = {
			isa = PBXProject;
			attributes = {
				BuildIndependentTargetsInParallel = 1;
				LastSwiftUpdateCheck = 1620;
				LastUpgradeCheck = 1620;
				TargetAttributes = {
					BB86E4F72D4CD80B00C9AC7A = {
						CreatedOnToolsVersion = 16.2;
					};
					BB86E5072D4CD80D00C9AC7A = {
						CreatedOnToolsVersion = 16.2;
						TestTargetID = BB86E4F72D4CD80B00C9AC7A;
					};
					BB86E5112D4CD80D00C9AC7A = {
						CreatedOnToolsVersion = 16.2;
						TestTargetID = BB86E4F72D4CD80B00C9AC7A;
					};
				};
			};
			buildConfigurationList = BB86E4F32D4CD80B00C9AC7A /* Build configuration list for PBXProject "NavigationPractice" */;
			developmentRegion = en;
			hasScannedForEncodings = 0;
			knownRegions = (
				en,
				Base,
			);
			mainGroup = BB86E4EF2D4CD80B00C9AC7A;
			minimizedProjectReferenceProxies = 1;
			preferredProjectObjectVersion = 77;
			productRefGroup = BB86E4F92D4CD80B00C9AC7A /* Products */;
			projectDirPath = "";
			projectRoot = "";
			targets = (
				BB86E4F72D4CD80B00C9AC7A /* NavigationPractice */,
				BB86E5072D4CD80D00C9AC7A /* NavigationPracticeTests */,
				BB86E5112D4CD80D00C9AC7A /* NavigationPracticeUITests */,
			);
		};
/* End PBXProject section */

/* Begin PBXResourcesBuildPhase section */
		BB86E4F62D4CD80B00C9AC7A /* Resources */ = {
			isa = PBXResourcesBuildPhase;
			buildActionMask = 2147483647;
			files = (
			);
			runOnlyForDeploymentPostprocessing = 0;
		};
		BB86E5062D4CD80D00C9AC7A /* Resources */ = {
			isa = PBXResourcesBuildPhase;
			buildActionMask = 2147483647;
			files = (
			);
			runOnlyForDeploymentPostprocessing = 0;
		};
		BB86E5102D4CD80D00C9AC7A /* Resources */ = {
			isa = PBXResourcesBuildPhase;
			buildActionMask = 2147483647;
			files = (
			);
			runOnlyForDeploymentPostprocessing = 0;
		};
/* End PBXResourcesBuildPhase section */

/* Begin PBXSourcesBuildPhase section */
		BB86E4F42D4CD80B00C9AC7A /* Sources */ = {
			isa = PBXSourcesBuildPhase;
			buildActionMask = 2147483647;
			files = (
			);
			runOnlyForDeploymentPostprocessing = 0;
		};
		BB86E5042D4CD80D00C9AC7A /* Sources */ = {
			isa = PBXSourcesBuildPhase;
			buildActionMask = 2147483647;
			files = (
			);
			runOnlyForDeploymentPostprocessing = 0;
		};
		BB86E50E2D4CD80D00C9AC7A /* Sources */ = {
			isa = PBXSourcesBuildPhase;
			buildActionMask = 2147483647;
			files = (
			);
			runOnlyForDeploymentPostprocessing = 0;
		};
/* End PBXSourcesBuildPhase section */

/* Begin PBXTargetDependency section */
		BB86E50A2D4CD80D00C9AC7A /* PBXTargetDependency */ = {
			isa = PBXTargetDependency;
			target = BB86E4F72D4CD80B00C9AC7A /* NavigationPractice */;
			targetProxy = BB86E5092D4CD80D00C9AC7A /* PBXContainerItemProxy */;
		};
		BB86E5142D4CD80D00C9AC7A /* PBXTargetDependency */ = {
			isa = PBXTargetDependency;
			target = BB86E4F72D4CD80B00C9AC7A /* NavigationPractice */;
			targetProxy = BB86E5132D4CD80D00C9AC7A /* PBXContainerItemProxy */;
		};
/* End PBXTargetDependency section */

/* Begin XCBuildConfiguration section */
		BB86E51A2D4CD80D00C9AC7A /* Debug */ = {
			isa = XCBuildConfiguration;
			buildSettings = {
				ALWAYS_SEARCH_USER_PATHS = NO;
				ASSETCATALOG_COMPILER_GENERATE_SWIFT_ASSET_SYMBOL_EXTENSIONS = YES;
				CLANG_ANALYZER_NONNULL = YES;
				CLANG_ANALYZER_NUMBER_OBJECT_CONVERSION = YES_AGGRESSIVE;
				CLANG_CXX_LANGUAGE_STANDARD = "gnu++20";
				CLANG_ENABLE_MODULES = YES;
				CLANG_ENABLE_OBJC_ARC = YES;
				CLANG_ENABLE_OBJC_WEAK = YES;
				CLANG_WARN_BLOCK_CAPTURE_AUTORELEASING = YES;
				CLANG_WARN_BOOL_CONVERSION = YES;
				CLANG_WARN_COMMA = YES;
				CLANG_WARN_CONSTANT_CONVERSION = YES;
				CLANG_WARN_DEPRECATED_OBJC_IMPLEMENTATIONS = YES;
				CLANG_WARN_DIRECT_OBJC_ISA_USAGE = YES_ERROR;
				CLANG_WARN_DOCUMENTATION_COMMENTS = YES;
				CLANG_WARN_EMPTY_BODY = YES;
				CLANG_WARN_ENUM_CONVERSION = YES;
				CLANG_WARN_INFINITE_RECURSION = YES;
				CLANG_WARN_INT_CONVERSION = YES;
				CLANG_WARN_NON_LITERAL_NULL_CONVERSION = YES;
				CLANG_WARN_OBJC_IMPLICIT_RETAIN_SELF = YES;
				CLANG_WARN_OBJC_LITERAL_CONVERSION = YES;
				CLANG_WARN_OBJC_ROOT_CLASS = YES_ERROR;
				CLANG_WARN_QUOTED_INCLUDE_IN_FRAMEWORK_HEADER = YES;
				CLANG_WARN_RANGE_LOOP_ANALYSIS = YES;
				CLANG_WARN_STRICT_PROTOTYPES = YES;
				CLANG_WARN_SUSPICIOUS_MOVE = YES;
				CLANG_WARN_UNGUARDED_AVAILABILITY = YES_AGGRESSIVE;
				CLANG_WARN_UNREACHABLE_CODE = YES;
				CLANG_WARN__DUPLICATE_METHOD_MATCH = YES;
				COPY_PHASE_STRIP = NO;
				DEBUG_INFORMATION_FORMAT = dwarf;
				ENABLE_STRICT_OBJC_MSGSEND = YES;
				ENABLE_TESTABILITY = YES;
				ENABLE_USER_SCRIPT_SANDBOXING = YES;
				GCC_C_LANGUAGE_STANDARD = gnu17;
				GCC_DYNAMIC_NO_PIC = NO;
				GCC_NO_COMMON_BLOCKS = YES;
				GCC_OPTIMIZATION_LEVEL = 0;
				GCC_PREPROCESSOR_DEFINITIONS = (
					"DEBUG=1",
					"$(inherited)",
				);
				GCC_WARN_64_TO_32_BIT_CONVERSION = YES;
				GCC_WARN_ABOUT_RETURN_TYPE = YES_ERROR;
				GCC_WARN_UNDECLARED_SELECTOR = YES;
				GCC_WARN_UNINITIALIZED_AUTOS = YES_AGGRESSIVE;
				GCC_WARN_UNUSED_FUNCTION = YES;
				GCC_WARN_UNUSED_VARIABLE = YES;
				IPHONEOS_DEPLOYMENT_TARGET = 18.2;
				LOCALIZATION_PREFERS_STRING_CATALOGS = YES;
				MTL_ENABLE_DEBUG_INFO = INCLUDE_SOURCE;
				MTL_FAST_MATH = YES;
				ONLY_ACTIVE_ARCH = YES;
				SDKROOT = iphoneos;
				SWIFT_ACTIVE_COMPILATION_CONDITIONS = "DEBUG $(inherited)";
				SWIFT_OPTIMIZATION_LEVEL = "-Onone";
			};
			name = Debug;
		};
		BB86E51B2D4CD80D00C9AC7A /* Release */ = {
			isa = XCBuildConfiguration;
			buildSettings = {
				ALWAYS_SEARCH_USER_PATHS = NO;
				ASSETCATALOG_COMPILER_GENERATE_SWIFT_ASSET_SYMBOL_EXTENSIONS = YES;
				CLANG_ANALYZER_NONNULL = YES;
				CLANG_ANALYZER_NUMBER_OBJECT_CONVERSION = YES_AGGRESSIVE;
				CLANG_CXX_LANGUAGE_STANDARD = "gnu++20";
				CLANG_ENABLE_MODULES = YES;
				CLANG_ENABLE_OBJC_ARC = YES;
				CLANG_ENABLE_OBJC_WEAK = YES;
				CLANG_WARN_BLOCK_CAPTURE_AUTORELEASING = YES;
				CLANG_WARN_BOOL_CONVERSION = YES;
				CLANG_WARN_COMMA = YES;
				CLANG_WARN_CONSTANT_CONVERSION = YES;
				CLANG_WARN_DEPRECATED_OBJC_IMPLEMENTATIONS = YES;
				CLANG_WARN_DIRECT_OBJC_ISA_USAGE = YES_ERROR;
				CLANG_WARN_DOCUMENTATION_COMMENTS = YES;
				CLANG_WARN_EMPTY_BODY = YES;
				CLANG_WARN_ENUM_CONVERSION = YES;
				CLANG_WARN_INFINITE_RECURSION = YES;
				CLANG_WARN_INT_CONVERSION = YES;
				CLANG_WARN_NON_LITERAL_NULL_CONVERSION = YES;
				CLANG_WARN_OBJC_IMPLICIT_RETAIN_SELF = YES;
				CLANG_WARN_OBJC_LITERAL_CONVERSION = YES;
				CLANG_WARN_OBJC_ROOT_CLASS = YES_ERROR;
				CLANG_WARN_QUOTED_INCLUDE_IN_FRAMEWORK_HEADER = YES;
				CLANG_WARN_RANGE_LOOP_ANALYSIS = YES;
				CLANG_WARN_STRICT_PROTOTYPES = YES;
				CLANG_WARN_SUSPICIOUS_MOVE = YES;
				CLANG_WARN_UNGUARDED_AVAILABILITY = YES_AGGRESSIVE;
				CLANG_WARN_UNREACHABLE_CODE = YES;
				CLANG_WARN__DUPLICATE_METHOD_MATCH = YES;
				COPY_PHASE_STRIP = NO;
				DEBUG_INFORMATION_FORMAT = "dwarf-with-dsym";
				ENABLE_NS_ASSERTIONS = NO;
				ENABLE_STRICT_OBJC_MSGSEND = YES;
				ENABLE_USER_SCRIPT_SANDBOXING = YES;
				GCC_C_LANGUAGE_STANDARD = gnu17;
				GCC_NO_COMMON_BLOCKS = YES;
				GCC_WARN_64_TO_32_BIT_CONVERSION = YES;
				GCC_WARN_ABOUT_RETURN_TYPE = YES_ERROR;
				GCC_WARN_UNDECLARED_SELECTOR = YES;
				GCC_WARN_UNINITIALIZED_AUTOS = YES_AGGRESSIVE;
				GCC_WARN_UNUSED_FUNCTION = YES;
				GCC_WARN_UNUSED_VARIABLE = YES;
				IPHONEOS_DEPLOYMENT_TARGET = 18.2;
				LOCALIZATION_PREFERS_STRING_CATALOGS = YES;
				MTL_ENABLE_DEBUG_INFO = NO;
				MTL_FAST_MATH = YES;
				SDKROOT = iphoneos;
				SWIFT_COMPILATION_MODE = wholemodule;
				VALIDATE_PRODUCT = YES;
			};
			name = Release;
		};
		BB86E51D2D4CD80D00C9AC7A /* Debug */ = {
			isa = XCBuildConfiguration;
			buildSettings = {
				ASSETCATALOG_COMPILER_APPICON_NAME = AppIcon;
				ASSETCATALOG_COMPILER_GLOBAL_ACCENT_COLOR_NAME = AccentColor;
				CODE_SIGN_STYLE = Automatic;
				CURRENT_PROJECT_VERSION = 1;
				DEVELOPMENT_ASSET_PATHS = "\"NavigationPractice/Preview Content\"";
				DEVELOPMENT_TEAM = 67ZRFNK38N;
				ENABLE_PREVIEWS = YES;
				GENERATE_INFOPLIST_FILE = YES;
				INFOPLIST_KEY_UIApplicationSceneManifest_Generation = YES;
				INFOPLIST_KEY_UIApplicationSupportsIndirectInputEvents = YES;
				INFOPLIST_KEY_UILaunchScreen_Generation = YES;
				INFOPLIST_KEY_UISupportedInterfaceOrientations_iPad = "UIInterfaceOrientationPortrait UIInterfaceOrientationPortraitUpsideDown UIInterfaceOrientationLandscapeLeft UIInterfaceOrientationLandscapeRight";
				INFOPLIST_KEY_UISupportedInterfaceOrientations_iPhone = "UIInterfaceOrientationPortrait UIInterfaceOrientationLandscapeLeft UIInterfaceOrientationLandscapeRight";
				LD_RUNPATH_SEARCH_PATHS = (
					"$(inherited)",
					"@executable_path/Frameworks",
				);
				MARKETING_VERSION = 1.0;
				PRODUCT_BUNDLE_IDENTIFIER = com.tomohiro.NavigationPractice;
				PRODUCT_NAME = "$(TARGET_NAME)";
				SWIFT_EMIT_LOC_STRINGS = YES;
				SWIFT_VERSION = 5.0;
				TARGETED_DEVICE_FAMILY = "1,2";
			};
			name = Debug;
		};
		BB86E51E2D4CD80D00C9AC7A /* Release */ = {
			isa = XCBuildConfiguration;
			buildSettings = {
				ASSETCATALOG_COMPILER_APPICON_NAME = AppIcon;
				ASSETCATALOG_COMPILER_GLOBAL_ACCENT_COLOR_NAME = AccentColor;
				CODE_SIGN_STYLE = Automatic;
				CURRENT_PROJECT_VERSION = 1;
				DEVELOPMENT_ASSET_PATHS = "\"NavigationPractice/Preview Content\"";
				DEVELOPMENT_TEAM = 67ZRFNK38N;
				ENABLE_PREVIEWS = YES;
				GENERATE_INFOPLIST_FILE = YES;
				INFOPLIST_KEY_UIApplicationSceneManifest_Generation = YES;
				INFOPLIST_KEY_UIApplicationSupportsIndirectInputEvents = YES;
				INFOPLIST_KEY_UILaunchScreen_Generation = YES;
				INFOPLIST_KEY_UISupportedInterfaceOrientations_iPad = "UIInterfaceOrientationPortrait UIInterfaceOrientationPortraitUpsideDown UIInterfaceOrientationLandscapeLeft UIInterfaceOrientationLandscapeRight";
				INFOPLIST_KEY_UISupportedInterfaceOrientations_iPhone = "UIInterfaceOrientationPortrait UIInterfaceOrientationLandscapeLeft UIInterfaceOrientationLandscapeRight";
				LD_RUNPATH_SEARCH_PATHS = (
					"$(inherited)",
					"@executable_path/Frameworks",
				);
				MARKETING_VERSION = 1.0;
				PRODUCT_BUNDLE_IDENTIFIER = com.tomohiro.NavigationPractice;
				PRODUCT_NAME = "$(TARGET_NAME)";
				SWIFT_EMIT_LOC_STRINGS = YES;
				SWIFT_VERSION = 5.0;
				TARGETED_DEVICE_FAMILY = "1,2";
			};
			name = Release;
		};
		BB86E5202D4CD80D00C9AC7A /* Debug */ = {
			isa = XCBuildConfiguration;
			buildSettings = {
				BUNDLE_LOADER = "$(TEST_HOST)";
				CODE_SIGN_STYLE = Automatic;
				CURRENT_PROJECT_VERSION = 1;
				DEVELOPMENT_TEAM = 67ZRFNK38N;
				GENERATE_INFOPLIST_FILE = YES;
				IPHONEOS_DEPLOYMENT_TARGET = 18.2;
				MARKETING_VERSION = 1.0;
				PRODUCT_BUNDLE_IDENTIFIER = com.tomohiro.NavigationPracticeTests;
				PRODUCT_NAME = "$(TARGET_NAME)";
				SWIFT_EMIT_LOC_STRINGS = NO;
				SWIFT_VERSION = 5.0;
				TARGETED_DEVICE_FAMILY = "1,2";
				TEST_HOST = "$(BUILT_PRODUCTS_DIR)/NavigationPractice.app/$(BUNDLE_EXECUTABLE_FOLDER_PATH)/NavigationPractice";
			};
			name = Debug;
		};
		BB86E5212D4CD80D00C9AC7A /* Release */ = {
			isa = XCBuildConfiguration;
			buildSettings = {
				BUNDLE_LOADER = "$(TEST_HOST)";
				CODE_SIGN_STYLE = Automatic;
				CURRENT_PROJECT_VERSION = 1;
				DEVELOPMENT_TEAM = 67ZRFNK38N;
				GENERATE_INFOPLIST_FILE = YES;
				IPHONEOS_DEPLOYMENT_TARGET = 18.2;
				MARKETING_VERSION = 1.0;
				PRODUCT_BUNDLE_IDENTIFIER = com.tomohiro.NavigationPracticeTests;
				PRODUCT_NAME = "$(TARGET_NAME)";
				SWIFT_EMIT_LOC_STRINGS = NO;
				SWIFT_VERSION = 5.0;
				TARGETED_DEVICE_FAMILY = "1,2";
				TEST_HOST = "$(BUILT_PRODUCTS_DIR)/NavigationPractice.app/$(BUNDLE_EXECUTABLE_FOLDER_PATH)/NavigationPractice";
			};
			name = Release;
		};
		BB86E5232D4CD80D00C9AC7A /* Debug */ = {
			isa = XCBuildConfiguration;
			buildSettings = {
				CODE_SIGN_STYLE = Automatic;
				CURRENT_PROJECT_VERSION = 1;
				DEVELOPMENT_TEAM = 67ZRFNK38N;
				GENERATE_INFOPLIST_FILE = YES;
				MARKETING_VERSION = 1.0;
				PRODUCT_BUNDLE_IDENTIFIER = com.tomohiro.NavigationPracticeUITests;
				PRODUCT_NAME = "$(TARGET_NAME)";
				SWIFT_EMIT_LOC_STRINGS = NO;
				SWIFT_VERSION = 5.0;
				TARGETED_DEVICE_FAMILY = "1,2";
				TEST_TARGET_NAME = NavigationPractice;
			};
			name = Debug;
		};
		BB86E5242D4CD80D00C9AC7A /* Release */ = {
			isa = XCBuildConfiguration;
			buildSettings = {
				CODE_SIGN_STYLE = Automatic;
				CURRENT_PROJECT_VERSION = 1;
				DEVELOPMENT_TEAM = 67ZRFNK38N;
				GENERATE_INFOPLIST_FILE = YES;
				MARKETING_VERSION = 1.0;
				PRODUCT_BUNDLE_IDENTIFIER = com.tomohiro.NavigationPracticeUITests;
				PRODUCT_NAME = "$(TARGET_NAME)";
				SWIFT_EMIT_LOC_STRINGS = NO;
				SWIFT_VERSION = 5.0;
				TARGETED_DEVICE_FAMILY = "1,2";
				TEST_TARGET_NAME = NavigationPractice;
			};
			name = Release;
		};
/* End XCBuildConfiguration section */

/* Begin XCConfigurationList section */
		BB86E4F32D4CD80B00C9AC7A /* Build configuration list for PBXProject "NavigationPractice" */ = {
			isa = XCConfigurationList;
			buildConfigurations = (
				BB86E51A2D4CD80D00C9AC7A /* Debug */,
				BB86E51B2D4CD80D00C9AC7A /* Release */,
			);
			defaultConfigurationIsVisible = 0;
			defaultConfigurationName = Release;
		};
		BB86E51C2D4CD80D00C9AC7A /* Build configuration list for PBXNativeTarget "NavigationPractice" */ = {
			isa = XCConfigurationList;
			buildConfigurations = (
				BB86E51D2D4CD80D00C9AC7A /* Debug */,
				BB86E51E2D4CD80D00C9AC7A /* Release */,
			);
			defaultConfigurationIsVisible = 0;
			defaultConfigurationName = Release;
		};
		BB86E51F2D4CD80D00C9AC7A /* Build configuration list for PBXNativeTarget "NavigationPracticeTests" */ = {
			isa = XCConfigurationList;
			buildConfigurations = (
				BB86E5202D4CD80D00C9AC7A /* Debug */,
				BB86E5212D4CD80D00C9AC7A /* Release */,
			);
			defaultConfigurationIsVisible = 0;
			defaultConfigurationName = Release;
		};
		BB86E5222D4CD80D00C9AC7A /* Build configuration list for PBXNativeTarget "NavigationPracticeUITests" */ = {
			isa = XCConfigurationList;
			buildConfigurations = (
				BB86E5232D4CD80D00C9AC7A /* Debug */,
				BB86E5242D4CD80D00C9AC7A /* Release */,
			);
			defaultConfigurationIsVisible = 0;
			defaultConfigurationName = Release;
		};
/* End XCConfigurationList section */
	};
	rootObject = BB86E4F02D4CD80B00C9AC7A /* Project object */;
}
